
Microsoft Visual Studio Solution File, Format Version 12.00
# Visual Studio 2012
Project("{FAE04EC0-301F-11D3-BF4B-00C04F79EFBC}") = "Amber and Teething", "Amber and Teething\Amber and Teething.csproj", "{17F0E1DD-74EE-46B4-84B2-C9177477C731}"
EndProject
Global
	GlobalSection(SolutionConfigurationPlatforms) = preSolution
		Debug|Any CPU = Debug|Any CPU
		Debug|ARM = Debug|ARM
		Debug|x86 = Debug|x86
		Release|Any CPU = Release|Any CPU
		Release|ARM = Release|ARM
		Release|x86 = Release|x86
	EndGlobalSection
	GlobalSection(ProjectConfigurationPlatforms) = postSolution
		{17F0E1DD-74EE-46B4-84B2-C9177477C731}.Debug|Any CPU.ActiveCfg = Debug|Any CPU
		{17F0E1DD-74EE-46B4-84B2-C9177477C731}.Debug|Any CPU.Build.0 = Debug|Any CPU
		{17F0E1DD-74EE-46B4-84B2-C9177477C731}.Debug|Any CPU.Deploy.0 = Debug|Any CPU
		{17F0E1DD-74EE-46B4-84B2-C9177477C731}.Debug|ARM.ActiveCfg = Debug|ARM
		{17F0E1DD-74EE-46B4-84B2-C9177477C731}.Debug|ARM.Build.0 = Debug|ARM
		{17F0E1DD-74EE-46B4-84B2-C9177477C731}.Debug|ARM.Deploy.0 = Debug|ARM
		{17F0E1DD-74EE-46B4-84B2-C9177477C731}.Debug|x86.ActiveCfg = Debug|x86
		{17F0E1DD-74EE-46B4-84B2-C9177477C731}.Debug|x86.Build.0 = Debug|x86
		{17F0E1DD-74EE-46B4-84B2-C9177477C731}.Debug|x86.Deploy.0 = Debug|x86
		{17F0E1DD-74EE-46B4-84B2-C9177477C731}.Release|Any CPU.ActiveCfg = Release|Any CPU
		{17F0E1DD-74EE-46B4-84B2-C9177477C731}.Release|Any CPU.Build.0 = Release|Any CPU
		{17F0E1DD-74EE-46B4-84B2-C9177477C731}.Release|Any CPU.Deploy.0 = Release|Any CPU
		{17F0E1DD-74EE-46B4-84B2-C9177477C731}.Release|ARM.ActiveCfg = Release|ARM
		{17F0E1DD-74EE-46B4-84B2-C9177477C731}.Release|ARM.Build.0 = Release|ARM
		{17F0E1DD-74EE-46B4-84B2-C9177477C731}.Release|ARM.Deploy.0 = Release|ARM
		{17F0E1DD-74EE-46B4-84B2-C9177477C731}.Release|x86.ActiveCfg = Release|x86
		{17F0E1DD-74EE-46B4-84B2-C9177477C731}.Release|x86.Build.0 = Release|x86
		{17F0E1DD-74EE-46B4-84B2-C9177477C731}.Release|x86.Deploy.0 = Release|x86
	EndGlobalSection
	GlobalSection(SolutionProperties) = preSolution
		HideSolutionNode = FALSE
	EndGlobalSection
EndGlobal
